// !$*UTF8*$!
{
	archiveVersion = 1;
	classes = {
	};
	objectVersion = 50;
	objects = {

/* Begin PBXBuildFile section */
		08442B2321A94D99005A549D /* AppDelegate.swift in Sources */ = {isa = PBXBuildFile; fileRef = 08442B2221A94D99005A549D /* AppDelegate.swift */; };
		08442B2521A94D99005A549D /* MemeEditorViewController.swift in Sources */ = {isa = PBXBuildFile; fileRef = 08442B2421A94D99005A549D /* MemeEditorViewController.swift */; };
		08442B2821A94D99005A549D /* Main.storyboard in Resources */ = {isa = PBXBuildFile; fileRef = 08442B2621A94D99005A549D /* Main.storyboard */; };
		08442B2A21A94D9B005A549D /* Assets.xcassets in Resources */ = {isa = PBXBuildFile; fileRef = 08442B2921A94D9B005A549D /* Assets.xcassets */; };
		08442B2D21A94D9B005A549D /* LaunchScreen.storyboard in Resources */ = {isa = PBXBuildFile; fileRef = 08442B2B21A94D9B005A549D /* LaunchScreen.storyboard */; };
		0860B15321BD149700E3D742 /* Meme.swift in Sources */ = {isa = PBXBuildFile; fileRef = 0860B15221BD149700E3D742 /* Meme.swift */; };
		0860B16121BD898C00E3D742 /* MemeDetailViewController.swift in Sources */ = {isa = PBXBuildFile; fileRef = 0860B16021BD898C00E3D742 /* MemeDetailViewController.swift */; };
		08D1845F21BFE22D0013183F /* SendtMemesTableViewController.swift in Sources */ = {isa = PBXBuildFile; fileRef = 08D1845E21BFE22D0013183F /* SendtMemesTableViewController.swift */; };
		08D1846121BFE28C0013183F /* SendtMemesCollectionViewController.swift in Sources */ = {isa = PBXBuildFile; fileRef = 08D1846021BFE28C0013183F /* SendtMemesCollectionViewController.swift */; };
		08D1846321BFE3010013183F /* CollectionViewCell.swift in Sources */ = {isa = PBXBuildFile; fileRef = 08D1846221BFE3010013183F /* CollectionViewCell.swift */; };
		08D1846521BFE3590013183F /* TableViewCell.swift in Sources */ = {isa = PBXBuildFile; fileRef = 08D1846421BFE3590013183F /* TableViewCell.swift */; };
/* End PBXBuildFile section */

/* Begin PBXFileReference section */
		08442B1F21A94D99005A549D /* memeMe last draft.app */ = {isa = PBXFileReference; explicitFileType = wrapper.application; includeInIndex = 0; path = "memeMe last draft.app"; sourceTree = BUILT_PRODUCTS_DIR; };
		08442B2221A94D99005A549D /* AppDelegate.swift */ = {isa = PBXFileReference; lastKnownFileType = sourcecode.swift; path = AppDelegate.swift; sourceTree = "<group>"; };
		08442B2421A94D99005A549D /* MemeEditorViewController.swift */ = {isa = PBXFileReference; lastKnownFileType = sourcecode.swift; path = MemeEditorViewController.swift; sourceTree = "<group>"; };
		08442B2721A94D99005A549D /* Base */ = {isa = PBXFileReference; lastKnownFileType = file.storyboard; name = Base; path = Base.lproj/Main.storyboard; sourceTree = "<group>"; };
		08442B2921A94D9B005A549D /* Assets.xcassets */ = {isa = PBXFileReference; lastKnownFileType = folder.assetcatalog; path = Assets.xcassets; sourceTree = "<group>"; };
		08442B2C21A94D9B005A549D /* Base */ = {isa = PBXFileReference; lastKnownFileType = file.storyboard; name = Base; path = Base.lproj/LaunchScreen.storyboard; sourceTree = "<group>"; };
		08442B2E21A94D9B005A549D /* Info.plist */ = {isa = PBXFileReference; lastKnownFileType = text.plist.xml; path = Info.plist; sourceTree = "<group>"; };
		0860B15221BD149700E3D742 /* Meme.swift */ = {isa = PBXFileReference; lastKnownFileType = sourcecode.swift; path = Meme.swift; sourceTree = "<group>"; };
		0860B16021BD898C00E3D742 /* MemeDetailViewController.swift */ = {isa = PBXFileReference; lastKnownFileType = sourcecode.swift; path = MemeDetailViewController.swift; sourceTree = "<group>"; };
		08D1845E21BFE22D0013183F /* SendtMemesTableViewController.swift */ = {isa = PBXFileReference; lastKnownFileType = sourcecode.swift; path = SendtMemesTableViewController.swift; sourceTree = "<group>"; };
		08D1846021BFE28C0013183F /* SendtMemesCollectionViewController.swift */ = {isa = PBXFileReference; lastKnownFileType = sourcecode.swift; path = SendtMemesCollectionViewController.swift; sourceTree = "<group>"; };
		08D1846221BFE3010013183F /* CollectionViewCell.swift */ = {isa = PBXFileReference; lastKnownFileType = sourcecode.swift; path = CollectionViewCell.swift; sourceTree = "<group>"; };
		08D1846421BFE3590013183F /* TableViewCell.swift */ = {isa = PBXFileReference; lastKnownFileType = sourcecode.swift; path = TableViewCell.swift; sourceTree = "<group>"; };
/* End PBXFileReference section */

/* Begin PBXFrameworksBuildPhase section */
		08442B1C21A94D99005A549D /* Frameworks */ = {
			isa = PBXFrameworksBuildPhase;
			buildActionMask = 2147483647;
			files = (
			);
			runOnlyForDeploymentPostprocessing = 0;
		};
/* End PBXFrameworksBuildPhase section */

/* Begin PBXGroup section */
		08442B1621A94D99005A549D = {
			isa = PBXGroup;
			children = (
				08442B2121A94D99005A549D /* memeMe last draft */,
				08442B2021A94D99005A549D /* Products */,
			);
			sourceTree = "<group>";
		};
		08442B2021A94D99005A549D /* Products */ = {
			isa = PBXGroup;
			children = (
				08442B1F21A94D99005A549D /* memeMe last draft.app */,
			);
			name = Products;
			sourceTree = "<group>";
		};
		08442B2121A94D99005A549D /* memeMe last draft */ = {
			isa = PBXGroup;
			children = (
				08442B2221A94D99005A549D /* AppDelegate.swift */,
				08442B2421A94D99005A549D /* MemeEditorViewController.swift */,
				0860B15221BD149700E3D742 /* Meme.swift */,
				08442B2621A94D99005A549D /* Main.storyboard */,
				08442B2921A94D9B005A549D /* Assets.xcassets */,
				08442B2B21A94D9B005A549D /* LaunchScreen.storyboard */,
				08442B2E21A94D9B005A549D /* Info.plist */,
				0860B16021BD898C00E3D742 /* MemeDetailViewController.swift */,
				08D1845E21BFE22D0013183F /* SendtMemesTableViewController.swift */,
				08D1846021BFE28C0013183F /* SendtMemesCollectionViewController.swift */,
				08D1846221BFE3010013183F /* CollectionViewCell.swift */,
				08D1846421BFE3590013183F /* TableViewCell.swift */,
			);
			path = "memeMe last draft";
			sourceTree = "<group>";
		};
/* End PBXGroup section */

/* Begin PBXNativeTarget section */
		08442B1E21A94D99005A549D /* memeMe last draft */ = {
			isa = PBXNativeTarget;
			buildConfigurationList = 08442B3121A94D9B005A549D /* Build configuration list for PBXNativeTarget "memeMe last draft" */;
			buildPhases = (
				08442B1B21A94D99005A549D /* Sources */,
				08442B1C21A94D99005A549D /* Frameworks */,
				08442B1D21A94D99005A549D /* Resources */,
			);
			buildRules = (
			);
			dependencies = (
			);
			name = "memeMe last draft";
			productName = "memeMe last draft";
			productReference = 08442B1F21A94D99005A549D /* memeMe last draft.app */;
			productType = "com.apple.product-type.application";
		};
/* End PBXNativeTarget section */

/* Begin PBXProject section */
		08442B1721A94D99005A549D /* Project object */ = {
			isa = PBXProject;
			attributes = {
				LastSwiftUpdateCheck = 1010;
				LastUpgradeCheck = 1010;
				ORGANIZATIONNAME = Udacity;
				TargetAttributes = {
					08442B1E21A94D99005A549D = {
						CreatedOnToolsVersion = 10.1;
					};
				};
			};
			buildConfigurationList = 08442B1A21A94D99005A549D /* Build configuration list for PBXProject "memeMe last draft" */;
			compatibilityVersion = "Xcode 9.3";
			developmentRegion = en;
			hasScannedForEncodings = 0;
			knownRegions = (
				en,
				Base,
			);
			mainGroup = 08442B1621A94D99005A549D;
			productRefGroup = 08442B2021A94D99005A549D /* Products */;
			projectDirPath = "";
			projectRoot = "";
			targets = (
				08442B1E21A94D99005A549D /* memeMe last draft */,
			);
		};
/* End PBXProject section */

/* Begin PBXResourcesBuildPhase section */
		08442B1D21A94D99005A549D /* Resources */ = {
			isa = PBXResourcesBuildPhase;
			buildActionMask = 2147483647;
			files = (
				08442B2D21A94D9B005A549D /* LaunchScreen.storyboard in Resources */,
				08442B2A21A94D9B005A549D /* Assets.xcassets in Resources */,
				08442B2821A94D99005A549D /* Main.storyboard in Resources */,
			);
			runOnlyForDeploymentPostprocessing = 0;
		};
/* End PBXResourcesBuildPhase section */

/* Begin PBXSourcesBuildPhase section */
		08442B1B21A94D99005A549D /* Sources */ = {
			isa = PBXSourcesBuildPhase;
			buildActionMask = 2147483647;
			files = (
				0860B15321BD149700E3D742 /* Meme.swift in Sources */,
				08D1846521BFE3590013183F /* TableViewCell.swift in Sources */,
				08442B2521A94D99005A549D /* MemeEditorViewController.swift in Sources */,
				08D1846321BFE3010013183F /* CollectionViewCell.swift in Sources */,
				08D1845F21BFE22D0013183F /* SendtMemesTableViewController.swift in Sources */,
				08D1846121BFE28C0013183F /* SendtMemesCollectionViewController.swift in Sources */,
				08442B2321A94D99005A549D /* AppDelegate.swift in Sources */,
				0860B16121BD898C00E3D742 /* MemeDetailViewController.swift in Sources */,
			);
			runOnlyForDeploymentPostprocessing = 0;
		};
/* End PBXSourcesBuildPhase section */

/* Begin PBXVariantGroup section */
		08442B2621A94D99005A549D /* Main.storyboard */ = {
			isa = PBXVariantGroup;
			children = (
				08442B2721A94D99005A549D /* Base */,
			);
			name = Main.storyboard;
			sourceTree = "<group>";
		};
		08442B2B21A94D9B005A549D /* LaunchScreen.storyboard */ = {
			isa = PBXVariantGroup;
			children = (
				08442B2C21A94D9B005A549D /* Base */,
			);
			name = LaunchScreen.storyboard;
			sourceTree = "<group>";
		};
/* End PBXVariantGroup section */

/* Begin XCBuildConfiguration section */
		08442B2F21A94D9B005A549D /* Debug */ = {
			isa = XCBuildConfiguration;
			buildSettings = {
				ALWAYS_SEARCH_USER_PATHS = NO;
				CLANG_ANALYZER_NONNULL = YES;
				CLANG_ANALYZER_NUMBER_OBJECT_CONVERSION = YES_AGGRESSIVE;
				CLANG_CXX_LANGUAGE_STANDARD = "gnu++14";
				CLANG_CXX_LIBRARY = "libc++";
				CLANG_ENABLE_MODULES = YES;
				CLANG_ENABLE_OBJC_ARC = YES;
				CLANG_ENABLE_OBJC_WEAK = YES;
				CLANG_WARN_BLOCK_CAPTURE_AUTORELEASING = YES;
				CLANG_WARN_BOOL_CONVERSION = YES;
				CLANG_WARN_COMMA = YES;
				CLANG_WARN_CONSTANT_CONVERSION = YES;
				CLANG_WARN_DEPRECATED_OBJC_IMPLEMENTATIONS = YES;
				CLANG_WARN_DIRECT_OBJC_ISA_USAGE = YES_ERROR;
				CLANG_WARN_DOCUMENTATION_COMMENTS = YES;
				CLANG_WARN_EMPTY_BODY = YES;
				CLANG_WARN_ENUM_CONVERSION = YES;
				CLANG_WARN_INFINITE_RECURSION = YES;
				CLANG_WARN_INT_CONVERSION = YES;
				CLANG_WARN_NON_LITERAL_NULL_CONVERSION = YES;
				CLANG_WARN_OBJC_IMPLICIT_RETAIN_SELF = YES;
				CLANG_WARN_OBJC_LITERAL_CONVERSION = YES;
				CLANG_WARN_OBJC_ROOT_CLASS = YES_ERROR;
				CLANG_WARN_RANGE_LOOP_ANALYSIS = YES;
				CLANG_WARN_STRICT_PROTOTYPES = YES;
				CLANG_WARN_SUSPICIOUS_MOVE = YES;
				CLANG_WARN_UNGUARDED_AVAILABILITY = YES_AGGRESSIVE;
				CLANG_WARN_UNREACHABLE_CODE = YES;
				CLANG_WARN__DUPLICATE_METHOD_MATCH = YES;
				CODE_SIGN_IDENTITY = "iPhone Developer";
				COPY_PHASE_STRIP = NO;
				DEBUG_INFORMATION_FORMAT = dwarf;
				ENABLE_STRICT_OBJC_MSGSEND = YES;
				ENABLE_TESTABILITY = YES;
				GCC_C_LANGUAGE_STANDARD = gnu11;
				GCC_DYNAMIC_NO_PIC = NO;
				GCC_NO_COMMON_BLOCKS = YES;
				GCC_OPTIMIZATION_LEVEL = 0;
				GCC_PREPROCESSOR_DEFINITIONS = (
					"DEBUG=1",
					"$(inherited)",
				);
				GCC_WARN_64_TO_32_BIT_CONVERSION = YES;
				GCC_WARN_ABOUT_RETURN_TYPE = YES_ERROR;
				GCC_WARN_UNDECLARED_SELECTOR = YES;
				GCC_WARN_UNINITIALIZED_AUTOS = YES_AGGRESSIVE;
				GCC_WARN_UNUSED_FUNCTION = YES;
				GCC_WARN_UNUSED_VARIABLE = YES;
				IPHONEOS_DEPLOYMENT_TARGET = 12.1;
				MTL_ENABLE_DEBUG_INFO = INCLUDE_SOURCE;
				MTL_FAST_MATH = YES;
				ONLY_ACTIVE_ARCH = YES;
				SDKROOT = iphoneos;
				SWIFT_ACTIVE_COMPILATION_CONDITIONS = DEBUG;
				SWIFT_OPTIMIZATION_LEVEL = "-Onone";
			};
			name = Debug;
		};
		08442B3021A94D9B005A549D /* Release */ = {
			isa = XCBuildConfiguration;
			buildSettings = {
				ALWAYS_SEARCH_USER_PATHS = NO;
				CLANG_ANALYZER_NONNULL = YES;
				CLANG_ANALYZER_NUMBER_OBJECT_CONVERSION = YES_AGGRESSIVE;
				CLANG_CXX_LANGUAGE_STANDARD = "gnu++14";
				CLANG_CXX_LIBRARY = "libc++";
				CLANG_ENABLE_MODULES = YES;
				CLANG_ENABLE_OBJC_ARC = YES;
				CLANG_ENABLE_OBJC_WEAK = YES;
				CLANG_WARN_BLOCK_CAPTURE_AUTORELEASING = YES;
				CLANG_WARN_BOOL_CONVERSION = YES;
				CLANG_WARN_COMMA = YES;
				CLANG_WARN_CONSTANT_CONVERSION = YES;
				CLANG_WARN_DEPRECATED_OBJC_IMPLEMENTATIONS = YES;
				CLANG_WARN_DIRECT_OBJC_ISA_USAGE = YES_ERROR;
				CLANG_WARN_DOCUMENTATION_COMMENTS = YES;
				CLANG_WARN_EMPTY_BODY = YES;
				CLANG_WARN_ENUM_CONVERSION = YES;
				CLANG_WARN_INFINITE_RECURSION = YES;
				CLANG_WARN_INT_CONVERSION = YES;
				CLANG_WARN_NON_LITERAL_NULL_CONVERSION = YES;
				CLANG_WARN_OBJC_IMPLICIT_RETAIN_SELF = YES;
				CLANG_WARN_OBJC_LITERAL_CONVERSION = YES;
				CLANG_WARN_OBJC_ROOT_CLASS = YES_ERROR;
				CLANG_WARN_RANGE_LOOP_ANALYSIS = YES;
				CLANG_WARN_STRICT_PROTOTYPES = YES;
				CLANG_WARN_SUSPICIOUS_MOVE = YES;
				CLANG_WARN_UNGUARDED_AVAILABILITY = YES_AGGRESSIVE;
				CLANG_WARN_UNREACHABLE_CODE = YES;
				CLANG_WARN__DUPLICATE_METHOD_MATCH = YES;
				CODE_SIGN_IDENTITY = "iPhone Developer";
				COPY_PHASE_STRIP = NO;
				DEBUG_INFORMATION_FORMAT = "dwarf-with-dsym";
				ENABLE_NS_ASSERTIONS = NO;
				ENABLE_STRICT_OBJC_MSGSEND = YES;
				GCC_C_LANGUAGE_STANDARD = gnu11;
				GCC_NO_COMMON_BLOCKS = YES;
				GCC_WARN_64_TO_32_BIT_CONVERSION = YES;
				GCC_WARN_ABOUT_RETURN_TYPE = YES_ERROR;
				GCC_WARN_UNDECLARED_SELECTOR = YES;
				GCC_WARN_UNINITIALIZED_AUTOS = YES_AGGRESSIVE;
				GCC_WARN_UNUSED_FUNCTION = YES;
				GCC_WARN_UNUSED_VARIABLE = YES;
				IPHONEOS_DEPLOYMENT_TARGET = 12.1;
				MTL_ENABLE_DEBUG_INFO = NO;
				MTL_FAST_MATH = YES;
				SDKROOT = iphoneos;
				SWIFT_COMPILATION_MODE = wholemodule;
				SWIFT_OPTIMIZATION_LEVEL = "-O";
				VALIDATE_PRODUCT = YES;
			};
			name = Release;
		};
		08442B3221A94D9B005A549D /* Debug */ = {
			isa = XCBuildConfiguration;
			buildSettings = {
				ASSETCATALOG_COMPILER_APPICON_NAME = AppIcon;
				CODE_SIGN_IDENTITY = "iPhone Developer";
				CODE_SIGN_STYLE = Automatic;
				DEVELOPMENT_TEAM = salma;
				INFOPLIST_FILE = "memeMe last draft/Info.plist";
				LD_RUNPATH_SEARCH_PATHS = (
					"$(inherited)",
					"@executable_path/Frameworks",
				);
				PRODUCT_BUNDLE_IDENTIFIER = "udacity.com.memeMe-last-draft";
				PRODUCT_NAME = "$(TARGET_NAME)";
				PROVISIONING_PROFILE_SPECIFIER = "";
				SWIFT_VERSION = 4.2;
				TARGETED_DEVICE_FAMILY = "1,2";
			};
			name = Debug;
		};
		08442B3321A94D9B005A549D /* Release */ = {
			isa = XCBuildConfiguration;
			buildSettings = {
				ASSETCATALOG_COMPILER_APPICON_NAME = AppIcon;
				CODE_SIGN_IDENTITY = "iPhone Developer";
				CODE_SIGN_STYLE = Automatic;
				DEVELOPMENT_TEAM = salma;
				INFOPLIST_FILE = "memeMe last draft/Info.plist";
				LD_RUNPATH_SEARCH_PATHS = (
					"$(inherited)",
					"@executable_path/Frameworks",
				);
				PRODUCT_BUNDLE_IDENTIFIER = "udacity.com.memeMe-last-draft";
				PRODUCT_NAME = "$(TARGET_NAME)";
				PROVISIONING_PROFILE_SPECIFIER = "";
				SWIFT_VERSION = 4.2;
				TARGETED_DEVICE_FAMILY = "1,2";
			};
			name = Release;
		};
/* End XCBuildConfiguration section */

/* Begin XCConfigurationList section */
		08442B1A21A94D99005A549D /* Build configuration list for PBXProject "memeMe last draft" */ = {
			isa = XCConfigurationList;
			buildConfigurations = (
				08442B2F21A94D9B005A549D /* Debug */,
				08442B3021A94D9B005A549D /* Release */,
			);
			defaultConfigurationIsVisible = 0;
			defaultConfigurationName = Release;
		};
		08442B3121A94D9B005A549D /* Build configuration list for PBXNativeTarget "memeMe last draft" */ = {
			isa = XCConfigurationList;
			buildConfigurations = (
				08442B3221A94D9B005A549D /* Debug */,
				08442B3321A94D9B005A549D /* Release */,
			);
			defaultConfigurationIsVisible = 0;
			defaultConfigurationName = Release;
		};
/* End XCConfigurationList section */
	};
	rootObject = 08442B1721A94D99005A549D /* Project object */;
}
